Microsoft Visual Studio Solution File, Format Version 12.00
# Visual Studio Version 17
VisualStudioVersion = 17.5.2.0
MinimumVisualStudioVersion = 10.0.40219.1
Project("{FAE04EC0-301F-11D3-BF4B-00C04F79EFBC}") = "QuantityMeasurementApp", "src\QuantityMeasurementApp\QuantityMeasurementApp.csproj", "{541D41C3-4B17-B02F-1241-96EDE8C8F6F8}"
EndProject
Project("{FAE04EC0-301F-11D3-BF4B-00C04F79EFBC}") = "QuantityMeasurementApp.Tests", "tests\QuantityMeasurementApp.Tests\QuantityMeasurementApp.Tests.csproj", "{BFF75C40-DCA5-5A7B-B3CB-EA83D3CE7B3D}"
EndProject
Global
	GlobalSection(SolutionConfigurationPlatforms) = preSolution
		Debug|Any CPU = Debug|Any CPU
		Release|Any CPU = Release|Any CPU
	EndGlobalSection
	GlobalSection(ProjectConfigurationPlatforms) = postSolution
		{541D41C3-4B17-B02F-1241-96EDE8C8F6F8}.Debug|Any CPU.ActiveCfg = Debug|Any CPU
		{541D41C3-4B17-B02F-1241-96EDE8C8F6F8}.Debug|Any CPU.Build.0 = Debug|Any CPU
		{541D41C3-4B17-B02F-1241-96EDE8C8F6F8}.Release|Any CPU.ActiveCfg = Release|Any CPU
		{541D41C3-4B17-B02F-1241-96EDE8C8F6F8}.Release|Any CPU.Build.0 = Release|Any CPU
		{BFF75C40-DCA5-5A7B-B3CB-EA83D3CE7B3D}.Debug|Any CPU.ActiveCfg = Debug|Any CPU
		{BFF75C40-DCA5-5A7B-B3CB-EA83D3CE7B3D}.Debug|Any CPU.Build.0 = Debug|Any CPU
		{BFF75C40-DCA5-5A7B-B3CB-EA83D3CE7B3D}.Release|Any CPU.ActiveCfg = Release|Any CPU
		{BFF75C40-DCA5-5A7B-B3CB-EA83D3CE7B3D}.Release|Any CPU.Build.0 = Release|Any CPU
	EndGlobalSection
	GlobalSection(SolutionProperties) = preSolution
		HideSolutionNode = FALSE
	EndGlobalSection
	GlobalSection(ExtensibilityGlobals) = postSolution
		SolutionGuid = {6BA84BEB-4323-45B3-A2D4-451690BBAC71}
	EndGlobalSection
EndGlobal
